
Microsoft Visual Studio Solution File, Format Version 12.00
# Visual Studio Version 17
VisualStudioVersion = 17.6.33829.357
MinimumVisualStudioVersion = 10.0.40219.1
Project("{FAE04EC0-301F-11D3-BF4B-00C04F79EFBC}") = "nswagger", "nswagger\nswagger.csproj", "{3A39A56F-43B2-46A8-A267-CBFB6EF95539}"
EndProject
Global
	GlobalSection(SolutionConfigurationPlatforms) = preSolution
		Debug|Any CPU = Debug|Any CPU
		Release|Any CPU = Release|Any CPU
	EndGlobalSection
	GlobalSection(ProjectConfigurationPlatforms) = postSolution
		{3A39A56F-43B2-46A8-A267-CBFB6EF95539}.Debug|Any CPU.ActiveCfg = Debug|Any CPU
		{3A39A56F-43B2-46A8-A267-CBFB6EF95539}.Debug|Any CPU.Build.0 = Debug|Any CPU
		{3A39A56F-43B2-46A8-A267-CBFB6EF95539}.Release|Any CPU.ActiveCfg = Release|Any CPU
		{3A39A56F-43B2-46A8-A267-CBFB6EF95539}.Release|Any CPU.Build.0 = Release|Any CPU
	EndGlobalSection
	GlobalSection(SolutionProperties) = preSolution
		HideSolutionNode = FALSE
	EndGlobalSection
	GlobalSection(ExtensibilityGlobals) = postSolution
		SolutionGuid = {6CBAA979-7A52-4911-93F2-339614F4F59F}
	EndGlobalSection
EndGlobal
